// !$*UTF8*$!
{
	archiveVersion = 1;
	classes = {
	};
	objectVersion = 56;
	objects = {

/* Begin PBXBuildFile section */
		C120ADDF2A891EBB003432B8 /* AppDelegate.swift in Sources */ = {isa = PBXBuildFile; fileRef = C120ADDE2A891EBB003432B8 /* AppDelegate.swift */; };
		C120ADE12A891EBB003432B8 /* SceneDelegate.swift in Sources */ = {isa = PBXBuildFile; fileRef = C120ADE02A891EBB003432B8 /* SceneDelegate.swift */; };
		C120ADE32A891EBB003432B8 /* ViewController.swift in Sources */ = {isa = PBXBuildFile; fileRef = C120ADE22A891EBB003432B8 /* ViewController.swift */; };
		C120ADE62A891EBB003432B8 /* Main.storyboard in Resources */ = {isa = PBXBuildFile; fileRef = C120ADE42A891EBB003432B8 /* Main.storyboard */; };
		C120ADE82A891EBC003432B8 /* Assets.xcassets in Resources */ = {isa = PBXBuildFile; fileRef = C120ADE72A891EBC003432B8 /* Assets.xcassets */; };
		C120ADEB2A891EBC003432B8 /* LaunchScreen.storyboard in Resources */ = {isa = PBXBuildFile; fileRef = C120ADE92A891EBC003432B8 /* LaunchScreen.storyboard */; };
		C120ADF52A891ED7003432B8 /* SlotPickerView.swift in Sources */ = {isa = PBXBuildFile; fileRef = C120ADF42A891ED7003432B8 /* SlotPickerView.swift */; };
/* End PBXBuildFile section */

/* Begin PBXFileReference section */
		C120ADDB2A891EBB003432B8 /* SlotPickerView.app */ = {isa = PBXFileReference; explicitFileType = wrapper.application; includeInIndex = 0; path = SlotPickerView.app; sourceTree = BUILT_PRODUCTS_DIR; };
		C120ADDE2A891EBB003432B8 /* AppDelegate.swift */ = {isa = PBXFileReference; lastKnownFileType = sourcecode.swift; path = AppDelegate.swift; sourceTree = "<group>"; };
		C120ADE02A891EBB003432B8 /* SceneDelegate.swift */ = {isa = PBXFileReference; lastKnownFileType = sourcecode.swift; path = SceneDelegate.swift; sourceTree = "<group>"; };
		C120ADE22A891EBB003432B8 /* ViewController.swift */ = {isa = PBXFileReference; lastKnownFileType = sourcecode.swift; path = ViewController.swift; sourceTree = "<group>"; };
		C120ADE52A891EBB003432B8 /* Base */ = {isa = PBXFileReference; lastKnownFileType = file.storyboard; name = Base; path = Base.lproj/Main.storyboard; sourceTree = "<group>"; };
		C120ADE72A891EBC003432B8 /* Assets.xcassets */ = {isa = PBXFileReference; lastKnownFileType = folder.assetcatalog; path = Assets.xcassets; sourceTree = "<group>"; };
		C120ADEA2A891EBC003432B8 /* Base */ = {isa = PBXFileReference; lastKnownFileType = file.storyboard; name = Base; path = Base.lproj/LaunchScreen.storyboard; sourceTree = "<group>"; };
		C120ADEC2A891EBC003432B8 /* Info.plist */ = {isa = PBXFileReference; lastKnownFileType = text.plist.xml; path = Info.plist; sourceTree = "<group>"; };
		C120ADF42A891ED7003432B8 /* SlotPickerView.swift */ = {isa = PBXFileReference; fileEncoding = 4; lastKnownFileType = sourcecode.swift; path = SlotPickerView.swift; sourceTree = "<group>"; };
/* End PBXFileReference section */

/* Begin PBXFrameworksBuildPhase section */
		C120ADD82A891EBB003432B8 /* Frameworks */ = {
			isa = PBXFrameworksBuildPhase;
			buildActionMask = 2147483647;
			files = (
			);
			runOnlyForDeploymentPostprocessing = 0;
		};
/* End PBXFrameworksBuildPhase section */

/* Begin PBXGroup section */
		C120ADD22A891EBB003432B8 = {
			isa = PBXGroup;
			children = (
				C120ADDD2A891EBB003432B8 /* SlotPickerView */,
				C120ADDC2A891EBB003432B8 /* Products */,
			);
			sourceTree = "<group>";
		};
		C120ADDC2A891EBB003432B8 /* Products */ = {
			isa = PBXGroup;
			children = (
				C120ADDB2A891EBB003432B8 /* SlotPickerView.app */,
			);
			name = Products;
			sourceTree = "<group>";
		};
		C120ADDD2A891EBB003432B8 /* SlotPickerView */ = {
			isa = PBXGroup;
			children = (
				C120ADDE2A891EBB003432B8 /* AppDelegate.swift */,
				C120ADE02A891EBB003432B8 /* SceneDelegate.swift */,
				C120ADE22A891EBB003432B8 /* ViewController.swift */,
				C120ADF22A891ED7003432B8 /* Sources */,
				C120ADE42A891EBB003432B8 /* Main.storyboard */,
				C120ADE72A891EBC003432B8 /* Assets.xcassets */,
				C120ADE92A891EBC003432B8 /* LaunchScreen.storyboard */,
				C120ADEC2A891EBC003432B8 /* Info.plist */,
			);
			path = SlotPickerView;
			sourceTree = "<group>";
		};
		C120ADF22A891ED7003432B8 /* Sources */ = {
			isa = PBXGroup;
			children = (
				C120ADF32A891ED7003432B8 /* SlotPickerView */,
			);
			path = Sources;
			sourceTree = SOURCE_ROOT;
		};
		C120ADF32A891ED7003432B8 /* SlotPickerView */ = {
			isa = PBXGroup;
			children = (
				C120ADF42A891ED7003432B8 /* SlotPickerView.swift */,
			);
			path = SlotPickerView;
			sourceTree = "<group>";
		};
/* End PBXGroup section */

/* Begin PBXNativeTarget section */
		C120ADDA2A891EBB003432B8 /* SlotPickerView */ = {
			isa = PBXNativeTarget;
			buildConfigurationList = C120ADEF2A891EBC003432B8 /* Build configuration list for PBXNativeTarget "SlotPickerView" */;
			buildPhases = (
				C120ADD72A891EBB003432B8 /* Sources */,
				C120ADD82A891EBB003432B8 /* Frameworks */,
				C120ADD92A891EBB003432B8 /* Resources */,
			);
			buildRules = (
			);
			dependencies = (
			);
			name = SlotPickerView;
			productName = SlotPickerView;
			productReference = C120ADDB2A891EBB003432B8 /* SlotPickerView.app */;
			productType = "com.apple.product-type.application";
		};
/* End PBXNativeTarget section */

/* Begin PBXProject section */
		C120ADD32A891EBB003432B8 /* Project object */ = {
			isa = PBXProject;
			attributes = {
				BuildIndependentTargetsInParallel = 1;
				LastSwiftUpdateCheck = 1430;
				LastUpgradeCheck = 1430;
				TargetAttributes = {
					C120ADDA2A891EBB003432B8 = {
						CreatedOnToolsVersion = 14.3.1;
					};
				};
			};
			buildConfigurationList = C120ADD62A891EBB003432B8 /* Build configuration list for PBXProject "SlotPickerView" */;
			compatibilityVersion = "Xcode 14.0";
			developmentRegion = en;
			hasScannedForEncodings = 0;
			knownRegions = (
				en,
				Base,
			);
			mainGroup = C120ADD22A891EBB003432B8;
			productRefGroup = C120ADDC2A891EBB003432B8 /* Products */;
			projectDirPath = "";
			projectRoot = "";
			targets = (
				C120ADDA2A891EBB003432B8 /* SlotPickerView */,
			);
		};
/* End PBXProject section */

/* Begin PBXResourcesBuildPhase section */
		C120ADD92A891EBB003432B8 /* Resources */ = {
			isa = PBXResourcesBuildPhase;
			buildActionMask = 2147483647;
			files = (
				C120ADEB2A891EBC003432B8 /* LaunchScreen.storyboard in Resources */,
				C120ADE82A891EBC003432B8 /* Assets.xcassets in Resources */,
				C120ADE62A891EBB003432B8 /* Main.storyboard in Resources */,
			);
			runOnlyForDeploymentPostprocessing = 0;
		};
/* End PBXResourcesBuildPhase section */

/* Begin PBXSourcesBuildPhase section */
		C120ADD72A891EBB003432B8 /* Sources */ = {
			isa = PBXSourcesBuildPhase;
			buildActionMask = 2147483647;
			files = (
				C120ADE32A891EBB003432B8 /* ViewController.swift in Sources */,
				C120ADDF2A891EBB003432B8 /* AppDelegate.swift in Sources */,
				C120ADF52A891ED7003432B8 /* SlotPickerView.swift in Sources */,
				C120ADE12A891EBB003432B8 /* SceneDelegate.swift in Sources */,
			);
			runOnlyForDeploymentPostprocessing = 0;
		};
/* End PBXSourcesBuildPhase section */

/* Begin PBXVariantGroup section */
		C120ADE42A891EBB003432B8 /* Main.storyboard */ = {
			isa = PBXVariantGroup;
			children = (
				C120ADE52A891EBB003432B8 /* Base */,
			);
			name = Main.storyboard;
			sourceTree = "<group>";
		};
		C120ADE92A891EBC003432B8 /* LaunchScreen.storyboard */ = {
			isa = PBXVariantGroup;
			children = (
				C120ADEA2A891EBC003432B8 /* Base */,
			);
			name = LaunchScreen.storyboard;
			sourceTree = "<group>";
		};
/* End PBXVariantGroup section */

/* Begin XCBuildConfiguration section */
		C120ADED2A891EBC003432B8 /* Debug */ = {
			isa = XCBuildConfiguration;
			buildSettings = {
				ALWAYS_SEARCH_USER_PATHS = NO;
				CLANG_ANALYZER_NONNULL = YES;
				CLANG_ANALYZER_NUMBER_OBJECT_CONVERSION = YES_AGGRESSIVE;
				CLANG_CXX_LANGUAGE_STANDARD = "gnu++20";
				CLANG_ENABLE_MODULES = YES;
				CLANG_ENABLE_OBJC_ARC = YES;
				CLANG_ENABLE_OBJC_WEAK = YES;
				CLANG_WARN_BLOCK_CAPTURE_AUTORELEASING = YES;
				CLANG_WARN_BOOL_CONVERSION = YES;
				CLANG_WARN_COMMA = YES;
				CLANG_WARN_CONSTANT_CONVERSION = YES;
				CLANG_WARN_DEPRECATED_OBJC_IMPLEMENTATIONS = YES;
				CLANG_WARN_DIRECT_OBJC_ISA_USAGE = YES_ERROR;
				CLANG_WARN_DOCUMENTATION_COMMENTS = YES;
				CLANG_WARN_EMPTY_BODY = YES;
				CLANG_WARN_ENUM_CONVERSION = YES;
				CLANG_WARN_INFINITE_RECURSION = YES;
				CLANG_WARN_INT_CONVERSION = YES;
				CLANG_WARN_NON_LITERAL_NULL_CONVERSION = YES;
				CLANG_WARN_OBJC_IMPLICIT_RETAIN_SELF = YES;
				CLANG_WARN_OBJC_LITERAL_CONVERSION = YES;
				CLANG_WARN_OBJC_ROOT_CLASS = YES_ERROR;
				CLANG_WARN_QUOTED_INCLUDE_IN_FRAMEWORK_HEADER = YES;
				CLANG_WARN_RANGE_LOOP_ANALYSIS = YES;
				CLANG_WARN_STRICT_PROTOTYPES = YES;
				CLANG_WARN_SUSPICIOUS_MOVE = YES;
				CLANG_WARN_UNGUARDED_AVAILABILITY = YES_AGGRESSIVE;
				CLANG_WARN_UNREACHABLE_CODE = YES;
				CLANG_WARN__DUPLICATE_METHOD_MATCH = YES;
				COPY_PHASE_STRIP = NO;
				DEBUG_INFORMATION_FORMAT = dwarf;
				ENABLE_STRICT_OBJC_MSGSEND = YES;
				ENABLE_TESTABILITY = YES;
				GCC_C_LANGUAGE_STANDARD = gnu11;
				GCC_DYNAMIC_NO_PIC = NO;
				GCC_NO_COMMON_BLOCKS = YES;
				GCC_OPTIMIZATION_LEVEL = 0;
				GCC_PREPROCESSOR_DEFINITIONS = (
					"DEBUG=1",
					"$(inherited)",
				);
				GCC_WARN_64_TO_32_BIT_CONVERSION = YES;
				GCC_WARN_ABOUT_RETURN_TYPE = YES_ERROR;
				GCC_WARN_UNDECLARED_SELECTOR = YES;
				GCC_WARN_UNINITIALIZED_AUTOS = YES_AGGRESSIVE;
				GCC_WARN_UNUSED_FUNCTION = YES;
				GCC_WARN_UNUSED_VARIABLE = YES;
				IPHONEOS_DEPLOYMENT_TARGET = 14.0;
				MTL_ENABLE_DEBUG_INFO = INCLUDE_SOURCE;
				MTL_FAST_MATH = YES;
				ONLY_ACTIVE_ARCH = YES;
				SDKROOT = iphoneos;
				SWIFT_ACTIVE_COMPILATION_CONDITIONS = DEBUG;
				SWIFT_OPTIMIZATION_LEVEL = "-Onone";
			};
			name = Debug;
		};
		C120ADEE2A891EBC003432B8 /* Release */ = {
			isa = XCBuildConfiguration;
			buildSettings = {
				ALWAYS_SEARCH_USER_PATHS = NO;
				CLANG_ANALYZER_NONNULL = YES;
				CLANG_ANALYZER_NUMBER_OBJECT_CONVERSION = YES_AGGRESSIVE;
				CLANG_CXX_LANGUAGE_STANDARD = "gnu++20";
				CLANG_ENABLE_MODULES = YES;
				CLANG_ENABLE_OBJC_ARC = YES;
				CLANG_ENABLE_OBJC_WEAK = YES;
				CLANG_WARN_BLOCK_CAPTURE_AUTORELEASING = YES;
				CLANG_WARN_BOOL_CONVERSION = YES;
				CLANG_WARN_COMMA = YES;
				CLANG_WARN_CONSTANT_CONVERSION = YES;
				CLANG_WARN_DEPRECATED_OBJC_IMPLEMENTATIONS = YES;
				CLANG_WARN_DIRECT_OBJC_ISA_USAGE = YES_ERROR;
				CLANG_WARN_DOCUMENTATION_COMMENTS = YES;
				CLANG_WARN_EMPTY_BODY = YES;
				CLANG_WARN_ENUM_CONVERSION = YES;
				CLANG_WARN_INFINITE_RECURSION = YES;
				CLANG_WARN_INT_CONVERSION = YES;
				CLANG_WARN_NON_LITERAL_NULL_CONVERSION = YES;
				CLANG_WARN_OBJC_IMPLICIT_RETAIN_SELF = YES;
				CLANG_WARN_OBJC_LITERAL_CONVERSION = YES;
				CLANG_WARN_OBJC_ROOT_CLASS = YES_ERROR;
				CLANG_WARN_QUOTED_INCLUDE_IN_FRAMEWORK_HEADER = YES;
				CLANG_WARN_RANGE_LOOP_ANALYSIS = YES;
				CLANG_WARN_STRICT_PROTOTYPES = YES;
				CLANG_WARN_SUSPICIOUS_MOVE = YES;
				CLANG_WARN_UNGUARDED_AVAILABILITY = YES_AGGRESSIVE;
				CLANG_WARN_UNREACHABLE_CODE = YES;
				CLANG_WARN__DUPLICATE_METHOD_MATCH = YES;
				COPY_PHASE_STRIP = NO;
				DEBUG_INFORMATION_FORMAT = "dwarf-with-dsym";
				ENABLE_NS_ASSERTIONS = NO;
				ENABLE_STRICT_OBJC_MSGSEND = YES;
				GCC_C_LANGUAGE_STANDARD = gnu11;
				GCC_NO_COMMON_BLOCKS = YES;
				GCC_WARN_64_TO_32_BIT_CONVERSION = YES;
				GCC_WARN_ABOUT_RETURN_TYPE = YES_ERROR;
				GCC_WARN_UNDECLARED_SELECTOR = YES;
				GCC_WARN_UNINITIALIZED_AUTOS = YES_AGGRESSIVE;
				GCC_WARN_UNUSED_FUNCTION = YES;
				GCC_WARN_UNUSED_VARIABLE = YES;
				IPHONEOS_DEPLOYMENT_TARGET = 14.0;
				MTL_ENABLE_DEBUG_INFO = NO;
				MTL_FAST_MATH = YES;
				SDKROOT = iphoneos;
				SWIFT_COMPILATION_MODE = wholemodule;
				SWIFT_OPTIMIZATION_LEVEL = "-O";
				VALIDATE_PRODUCT = YES;
			};
			name = Release;
		};
		C120ADF02A891EBC003432B8 /* Debug */ = {
			isa = XCBuildConfiguration;
			buildSettings = {
				ASSETCATALOG_COMPILER_APPICON_NAME = AppIcon;
				ASSETCATALOG_COMPILER_GLOBAL_ACCENT_COLOR_NAME = AccentColor;
				CODE_SIGN_STYLE = Automatic;
				CURRENT_PROJECT_VERSION = 1;
				DEVELOPMENT_TEAM = 77Y3N48SNF;
				GENERATE_INFOPLIST_FILE = YES;
				INFOPLIST_FILE = SlotPickerView/Info.plist;
				INFOPLIST_KEY_UIApplicationSupportsIndirectInputEvents = YES;
				INFOPLIST_KEY_UILaunchStoryboardName = LaunchScreen;
				INFOPLIST_KEY_UIMainStoryboardFile = Main;
				INFOPLIST_KEY_UISupportedInterfaceOrientations_iPad = "UIInterfaceOrientationPortrait UIInterfaceOrientationPortraitUpsideDown UIInterfaceOrientationLandscapeLeft UIInterfaceOrientationLandscapeRight";
				INFOPLIST_KEY_UISupportedInterfaceOrientations_iPhone = "UIInterfaceOrientationPortrait UIInterfaceOrientationLandscapeLeft UIInterfaceOrientationLandscapeRight";
				LD_RUNPATH_SEARCH_PATHS = (
					"$(inherited)",
					"@executable_path/Frameworks",
				);
				MARKETING_VERSION = 1.0;
				PRODUCT_BUNDLE_IDENTIFIER = com.cemolcay.SlotPickerView;
				PRODUCT_NAME = "$(TARGET_NAME)";
				SWIFT_EMIT_LOC_STRINGS = YES;
				SWIFT_VERSION = 5.0;
				TARGETED_DEVICE_FAMILY = "1,2";
			};
			name = Debug;
		};
		C120ADF12A891EBC003432B8 /* Release */ = {
			isa = XCBuildConfiguration;
			buildSettings = {
				ASSETCATALOG_COMPILER_APPICON_NAME = AppIcon;
				ASSETCATALOG_COMPILER_GLOBAL_ACCENT_COLOR_NAME = AccentColor;
				CODE_SIGN_STYLE = Automatic;
				CURRENT_PROJECT_VERSION = 1;
				DEVELOPMENT_TEAM = 77Y3N48SNF;
				GENERATE_INFOPLIST_FILE = YES;
				INFOPLIST_FILE = SlotPickerView/Info.plist;
				INFOPLIST_KEY_UIApplicationSupportsIndirectInputEvents = YES;
				INFOPLIST_KEY_UILaunchStoryboardName = LaunchScreen;
				INFOPLIST_KEY_UIMainStoryboardFile = Main;
				INFOPLIST_KEY_UISupportedInterfaceOrientations_iPad = "UIInterfaceOrientationPortrait UIInterfaceOrientationPortraitUpsideDown UIInterfaceOrientationLandscapeLeft UIInterfaceOrientationLandscapeRight";
				INFOPLIST_KEY_UISupportedInterfaceOrientations_iPhone = "UIInterfaceOrientationPortrait UIInterfaceOrientationLandscapeLeft UIInterfaceOrientationLandscapeRight";
				LD_RUNPATH_SEARCH_PATHS = (
					"$(inherited)",
					"@executable_path/Frameworks",
				);
				MARKETING_VERSION = 1.0;
				PRODUCT_BUNDLE_IDENTIFIER = com.cemolcay.SlotPickerView;
				PRODUCT_NAME = "$(TARGET_NAME)";
				SWIFT_EMIT_LOC_STRINGS = YES;
				SWIFT_VERSION = 5.0;
				TARGETED_DEVICE_FAMILY = "1,2";
			};
			name = Release;
		};
/* End XCBuildConfiguration section */

/* Begin XCConfigurationList section */
		C120ADD62A891EBB003432B8 /* Build configuration list for PBXProject "SlotPickerView" */ = {
			isa = XCConfigurationList;
			buildConfigurations = (
				C120ADED2A891EBC003432B8 /* Debug */,
				C120ADEE2A891EBC003432B8 /* Release */,
			);
			defaultConfigurationIsVisible = 0;
			defaultConfigurationName = Release;
		};
		C120ADEF2A891EBC003432B8 /* Build configuration list for PBXNativeTarget "SlotPickerView" */ = {
			isa = XCConfigurationList;
			buildConfigurations = (
				C120ADF02A891EBC003432B8 /* Debug */,
				C120ADF12A891EBC003432B8 /* Release */,
			);
			defaultConfigurationIsVisible = 0;
			defaultConfigurationName = Release;
		};
/* End XCConfigurationList section */
	};
	rootObject = C120ADD32A891EBB003432B8 /* Project object */;
}
